
Microsoft Visual Studio Solution File, Format Version 12.00
# Visual Studio Version 17
VisualStudioVersion = 17.6.33723.286
MinimumVisualStudioVersion = 10.0.40219.1
Project("{FAE04EC0-301F-11D3-BF4B-00C04F79EFBC}") = "EmployeeAPI_Live", "EmployeeAPI_Live\EmployeeAPI_Live.csproj", "{87B5A793-8A08-4C17-B73D-D0C6AA02AB52}"
EndProject
Global
	GlobalSection(SolutionConfigurationPlatforms) = preSolution
		Debug|Any CPU = Debug|Any CPU
		Release|Any CPU = Release|Any CPU
	EndGlobalSection
	GlobalSection(ProjectConfigurationPlatforms) = postSolution
		{87B5A793-8A08-4C17-B73D-D0C6AA02AB52}.Debug|Any CPU.ActiveCfg = Debug|Any CPU
		{87B5A793-8A08-4C17-B73D-D0C6AA02AB52}.Debug|Any CPU.Build.0 = Debug|Any CPU
		{87B5A793-8A08-4C17-B73D-D0C6AA02AB52}.Release|Any CPU.ActiveCfg = Release|Any CPU
		{87B5A793-8A08-4C17-B73D-D0C6AA02AB52}.Release|Any CPU.Build.0 = Release|Any CPU
	EndGlobalSection
	GlobalSection(SolutionProperties) = preSolution
		HideSolutionNode = FALSE
	EndGlobalSection
	GlobalSection(ExtensibilityGlobals) = postSolution
		SolutionGuid = {A1856108-EC09-4F75-8521-2740AF419A3A}
	EndGlobalSection
EndGlobal
